
Microsoft Visual Studio Solution File, Format Version 12.00
# Visual Studio 14
VisualStudioVersion = 14.0.25420.1
MinimumVisualStudioVersion = 10.0.40219.1
Project("{F14B399A-7131-4C87-9E4B-1186C45EF12D}") = "repTiiGpExpress", "repTiiGpExpress.rptproj", "{3E4494B8-27C4-4C1E-A3CD-D51401126B49}"
EndProject
Global
	GlobalSection(SolutionConfigurationPlatforms) = preSolution
		Debug|Default = Debug|Default
		DebugLocal|Default = DebugLocal|Default
		Release|Default = Release|Default
	EndGlobalSection
	GlobalSection(ProjectConfigurationPlatforms) = postSolution
		{3E4494B8-27C4-4C1E-A3CD-D51401126B49}.Debug|Default.ActiveCfg = Debug
		{3E4494B8-27C4-4C1E-A3CD-D51401126B49}.Debug|Default.Build.0 = Debug
		{3E4494B8-27C4-4C1E-A3CD-D51401126B49}.Debug|Default.Deploy.0 = Debug
		{3E4494B8-27C4-4C1E-A3CD-D51401126B49}.DebugLocal|Default.ActiveCfg = DebugLocal
		{3E4494B8-27C4-4C1E-A3CD-D51401126B49}.DebugLocal|Default.Build.0 = DebugLocal
		{3E4494B8-27C4-4C1E-A3CD-D51401126B49}.Release|Default.ActiveCfg = Release
		{3E4494B8-27C4-4C1E-A3CD-D51401126B49}.Release|Default.Build.0 = Release
		{3E4494B8-27C4-4C1E-A3CD-D51401126B49}.Release|Default.Deploy.0 = Release
	EndGlobalSection
	GlobalSection(SolutionProperties) = preSolution
		HideSolutionNode = FALSE
	EndGlobalSection
EndGlobal
